// !$*UTF8*$!
{
	archiveVersion = 1;
	classes = {
	};
	objectVersion = 60;
	objects = {

/* Begin PBXBuildFile section */
		200000000000000000000102 /* RiwayaApp.swift in Sources */ = {isa = PBXBuildFile; fileRef = 200000000000000000000001 /* RiwayaApp.swift */; };
		200000000000000000000103 /* ContentView.swift in Sources */ = {isa = PBXBuildFile; fileRef = 200000000000000000000002 /* ContentView.swift */; };
		200000000000000000000104 /* Novel.swift in Sources */ = {isa = PBXBuildFile; fileRef = 200000000000000000000003 /* Novel.swift */; };
		200000000000000000000105 /* Chapter.swift in Sources */ = {isa = PBXBuildFile; fileRef = 200000000000000000000004 /* Chapter.swift */; };
		200000000000000000000106 /* PersistenceController.swift in Sources */ = {isa = PBXBuildFile; fileRef = 200000000000000000000005 /* PersistenceController.swift */; };
		200000000000000000000107 /* TextStats.swift in Sources */ = {isa = PBXBuildFile; fileRef = 200000000000000000000006 /* TextStats.swift */; };
		200000000000000000000108 /* NovelExportService.swift in Sources */ = {isa = PBXBuildFile; fileRef = 200000000000000000000007 /* NovelExportService.swift */; };
		200000000000000000000109 /* RiwayaTheme.swift in Sources */ = {isa = PBXBuildFile; fileRef = 200000000000000000000008 /* RiwayaTheme.swift */; };
		200000000000000000000110 /* LibraryView.swift in Sources */ = {isa = PBXBuildFile; fileRef = 200000000000000000000009 /* LibraryView.swift */; };
		200000000000000000000111 /* NovelCoverView.swift in Sources */ = {isa = PBXBuildFile; fileRef = 200000000000000000000010 /* NovelCoverView.swift */; };
		200000000000000000000112 /* NovelEditorView.swift in Sources */ = {isa = PBXBuildFile; fileRef = 200000000000000000000011 /* NovelEditorView.swift */; };
		200000000000000000000113 /* NovelDetailView.swift in Sources */ = {isa = PBXBuildFile; fileRef = 200000000000000000000012 /* NovelDetailView.swift */; };
		200000000000000000000114 /* ChapterEditorView.swift in Sources */ = {isa = PBXBuildFile; fileRef = 200000000000000000000013 /* ChapterEditorView.swift */; };
		200000000000000000000115 /* ReaderView.swift in Sources */ = {isa = PBXBuildFile; fileRef = 200000000000000000000014 /* ReaderView.swift */; };
		200000000000000000000116 /* SettingsView.swift in Sources */ = {isa = PBXBuildFile; fileRef = 200000000000000000000015 /* SettingsView.swift */; };
		200000000000000000000117 /* ShareSheet.swift in Sources */ = {isa = PBXBuildFile; fileRef = 200000000000000000000016 /* ShareSheet.swift */; };
		200000000000000000000118 /* Assets.xcassets in Resources */ = {isa = PBXBuildFile; fileRef = 200000000000000000000017 /* Assets.xcassets */; };
		200000000000000000000120 /* PrivacyInfo.xcprivacy in Resources */ = {isa = PBXBuildFile; fileRef = 200000000000000000000019 /* PrivacyInfo.xcprivacy */; };
		200000000000000000000121 /* TextStatsTests.swift in Sources */ = {isa = PBXBuildFile; fileRef = 200000000000000000000020 /* TextStatsTests.swift */; };
		200000000000000000000052 /* Riwaya.xcdatamodeld in Sources */ = {isa = PBXBuildFile; fileRef = 200000000000000000000050 /* Riwaya.xcdatamodeld */; };
/* End PBXBuildFile section */

/* Begin PBXContainerItemProxy section */
		200000000000000000000405 /* PBXContainerItemProxy */ = {
			isa = PBXContainerItemProxy;
			containerPortal = 200000000000000000000701 /* Project object */;
			proxyType = 1;
			remoteGlobalIDString = 200000000000000000000401;
			remoteInfo = Riwaya;
		};
/* End PBXContainerItemProxy section */

/* Begin PBXFileReference section */
		200000000000000000000001 /* RiwayaApp.swift */ = {isa = PBXFileReference; lastKnownFileType = sourcecode.swift; path = RiwayaApp.swift; sourceTree = "<group>"; };
		200000000000000000000002 /* ContentView.swift */ = {isa = PBXFileReference; lastKnownFileType = sourcecode.swift; path = ContentView.swift; sourceTree = "<group>"; };
		200000000000000000000003 /* Novel.swift */ = {isa = PBXFileReference; lastKnownFileType = sourcecode.swift; path = Models/Novel.swift; sourceTree = "<group>"; };
		200000000000000000000004 /* Chapter.swift */ = {isa = PBXFileReference; lastKnownFileType = sourcecode.swift; path = Models/Chapter.swift; sourceTree = "<group>"; };
		200000000000000000000005 /* PersistenceController.swift */ = {isa = PBXFileReference; lastKnownFileType = sourcecode.swift; path = Services/PersistenceController.swift; sourceTree = "<group>"; };
		200000000000000000000006 /* TextStats.swift */ = {isa = PBXFileReference; lastKnownFileType = sourcecode.swift; path = Services/TextStats.swift; sourceTree = "<group>"; };
		200000000000000000000007 /* NovelExportService.swift */ = {isa = PBXFileReference; lastKnownFileType = sourcecode.swift; path = Services/NovelExportService.swift; sourceTree = "<group>"; };
		200000000000000000000008 /* RiwayaTheme.swift */ = {isa = PBXFileReference; lastKnownFileType = sourcecode.swift; path = Theme/RiwayaTheme.swift; sourceTree = "<group>"; };
		200000000000000000000009 /* LibraryView.swift */ = {isa = PBXFileReference; lastKnownFileType = sourcecode.swift; path = Views/LibraryView.swift; sourceTree = "<group>"; };
		200000000000000000000010 /* NovelCoverView.swift */ = {isa = PBXFileReference; lastKnownFileType = sourcecode.swift; path = Views/NovelCoverView.swift; sourceTree = "<group>"; };
		200000000000000000000011 /* NovelEditorView.swift */ = {isa = PBXFileReference; lastKnownFileType = sourcecode.swift; path = Views/NovelEditorView.swift; sourceTree = "<group>"; };
		200000000000000000000012 /* NovelDetailView.swift */ = {isa = PBXFileReference; lastKnownFileType = sourcecode.swift; path = Views/NovelDetailView.swift; sourceTree = "<group>"; };
		200000000000000000000013 /* ChapterEditorView.swift */ = {isa = PBXFileReference; lastKnownFileType = sourcecode.swift; path = Views/ChapterEditorView.swift; sourceTree = "<group>"; };
		200000000000000000000014 /* ReaderView.swift */ = {isa = PBXFileReference; lastKnownFileType = sourcecode.swift; path = Views/ReaderView.swift; sourceTree = "<group>"; };
		200000000000000000000015 /* SettingsView.swift */ = {isa = PBXFileReference; lastKnownFileType = sourcecode.swift; path = Views/SettingsView.swift; sourceTree = "<group>"; };
		200000000000000000000016 /* ShareSheet.swift */ = {isa = PBXFileReference; lastKnownFileType = sourcecode.swift; path = Views/ShareSheet.swift; sourceTree = "<group>"; };
		200000000000000000000017 /* Assets.xcassets */ = {isa = PBXFileReference; lastKnownFileType = folder.assetcatalog; path = Resources/Assets.xcassets; sourceTree = "<group>"; };
		200000000000000000000018 /* Info.plist */ = {isa = PBXFileReference; lastKnownFileType = text.plist.xml; path = Info.plist; sourceTree = "<group>"; };
		200000000000000000000019 /* PrivacyInfo.xcprivacy */ = {isa = PBXFileReference; lastKnownFileType = text.xml; path = PrivacyInfo.xcprivacy; sourceTree = "<group>"; };
		200000000000000000000020 /* TextStatsTests.swift */ = {isa = PBXFileReference; lastKnownFileType = sourcecode.swift; path = TextStatsTests.swift; sourceTree = "<group>"; };
		200000000000000000000200 /* Riwaya.app */ = {isa = PBXFileReference; explicitFileType = wrapper.application; includeInIndex = 0; path = Riwaya.app; sourceTree = BUILT_PRODUCTS_DIR; };
		200000000000000000000201 /* RiwayaTests.xctest */ = {isa = PBXFileReference; explicitFileType = wrapper.cfbundle; includeInIndex = 0; path = RiwayaTests.xctest; sourceTree = BUILT_PRODUCTS_DIR; };
		200000000000000000000051 /* Riwaya.xcdatamodel */ = {isa = PBXFileReference; lastKnownFileType = wrapper.xcdatamodel; path = Riwaya.xcdatamodel; sourceTree = "<group>"; };
/* End PBXFileReference section */

/* Begin PBXFrameworksBuildPhase section */
		2000000000000000000002010 /* Frameworks */ = {
			isa = PBXFrameworksBuildPhase;
			buildActionMask = 2147483647;
			files = (
			);
			runOnlyForDeploymentPostprocessing = 0;
		};
		2000000000000000000002011 /* Frameworks */ = {
			isa = PBXFrameworksBuildPhase;
			buildActionMask = 2147483647;
			files = (
			);
			runOnlyForDeploymentPostprocessing = 0;
		};
/* End PBXFrameworksBuildPhase section */

/* Begin PBXGroup section */
		200000000000000000000300 = {
			isa = PBXGroup;
			children = (
				200000000000000000000301 /* Riwaya */,
				200000000000000000000308 /* RiwayaTests */,
				200000000000000000000302 /* Products */,
			);
			sourceTree = "<group>";
		};
		200000000000000000000301 /* Riwaya */ = {
			isa = PBXGroup;
			children = (
				200000000000000000000001 /* RiwayaApp.swift */,
				200000000000000000000002 /* ContentView.swift */,
				200000000000000000000303 /* Models */,
				200000000000000000000304 /* Services */,
				200000000000000000000305 /* Theme */,
				200000000000000000000306 /* Views */,
				200000000000000000000307 /* Resources */,
				200000000000000000000050 /* Riwaya.xcdatamodeld */,
				200000000000000000000018 /* Info.plist */,
				200000000000000000000019 /* PrivacyInfo.xcprivacy */,
			);
			path = Riwaya;
			sourceTree = "<group>";
		};
		200000000000000000000302 /* Products */ = {
			isa = PBXGroup;
			children = (
				200000000000000000000200 /* Riwaya.app */,
				200000000000000000000201 /* RiwayaTests.xctest */,
			);
			name = Products;
			sourceTree = "<group>";
		};
		200000000000000000000303 /* Models */ = {
			isa = PBXGroup;
			children = (
				200000000000000000000003 /* Novel.swift */,
				200000000000000000000004 /* Chapter.swift */,
			);
			name = Models;
			sourceTree = "<group>";
		};
		200000000000000000000304 /* Services */ = {
			isa = PBXGroup;
			children = (
				200000000000000000000005 /* PersistenceController.swift */,
				200000000000000000000006 /* TextStats.swift */,
				200000000000000000000007 /* NovelExportService.swift */,
			);
			name = Services;
			sourceTree = "<group>";
		};
		200000000000000000000305 /* Theme */ = {
			isa = PBXGroup;
			children = (
				200000000000000000000008 /* RiwayaTheme.swift */,
			);
			name = Theme;
			sourceTree = "<group>";
		};
		200000000000000000000306 /* Views */ = {
			isa = PBXGroup;
			children = (
				200000000000000000000009 /* LibraryView.swift */,
				200000000000000000000010 /* NovelCoverView.swift */,
				200000000000000000000011 /* NovelEditorView.swift */,
				200000000000000000000012 /* NovelDetailView.swift */,
				200000000000000000000013 /* ChapterEditorView.swift */,
				200000000000000000000014 /* ReaderView.swift */,
				200000000000000000000015 /* SettingsView.swift */,
				200000000000000000000016 /* ShareSheet.swift */,
			);
			name = Views;
			sourceTree = "<group>";
		};
		200000000000000000000307 /* Resources */ = {
			isa = PBXGroup;
			children = (
				200000000000000000000017 /* Assets.xcassets */,
			);
			name = Resources;
			sourceTree = "<group>";
		};
		200000000000000000000308 /* RiwayaTests */ = {
			isa = PBXGroup;
			children = (
				200000000000000000000020 /* TextStatsTests.swift */,
			);
			path = RiwayaTests;
			sourceTree = "<group>";
		};
/* End PBXGroup section */

/* Begin PBXNativeTarget section */
		200000000000000000000401 /* Riwaya */ = {
			isa = PBXNativeTarget;
			buildConfigurationList = 200000000000000000000901 /* Build configuration list for PBXNativeTarget "Riwaya" */;
			buildPhases = (
				200000000000000000000501 /* Sources */,
				2000000000000000000002010 /* Frameworks */,
				200000000000000000000601 /* Resources */,
			);
			buildRules = (
			);
			dependencies = (
			);
			name = Riwaya;
			productName = Riwaya;
			productReference = 200000000000000000000200 /* Riwaya.app */;
			productType = "com.apple.product-type.application";
		};
		200000000000000000000402 /* RiwayaTests */ = {
			isa = PBXNativeTarget;
			buildConfigurationList = 200000000000000000000902 /* Build configuration list for PBXNativeTarget "RiwayaTests" */;
			buildPhases = (
				200000000000000000000502 /* Sources */,
				2000000000000000000002011 /* Frameworks */,
				200000000000000000000602 /* Resources */,
			);
			buildRules = (
			);
			dependencies = (
				200000000000000000000406 /* PBXTargetDependency */,
			);
			name = RiwayaTests;
			productName = RiwayaTests;
			productReference = 200000000000000000000201 /* RiwayaTests.xctest */;
			productType = "com.apple.product-type.bundle.unit-test";
		};
/* End PBXNativeTarget section */

/* Begin PBXProject section */
		200000000000000000000701 /* Project object */ = {
			isa = PBXProject;
			attributes = {
				BuildIndependentTargetsInParallel = 1;
				LastSwiftUpdateCheck = 1600;
				LastUpgradeCheck = 1600;
				TargetAttributes = {
					200000000000000000000401 = {
						CreatedOnToolsVersion = 16.0;
					};
					200000000000000000000402 = {
						CreatedOnToolsVersion = 16.0;
						TestTargetID = 200000000000000000000401;
					};
				};
			};
			buildConfigurationList = 200000000000000000000900 /* Build configuration list for PBXProject "Riwaya" */;
			compatibilityVersion = "Xcode 15.0";
			developmentRegion = ar;
			hasScannedForEncodings = 0;
			knownRegions = (
				ar,
				en,
				Base,
			);
			mainGroup = 200000000000000000000300;
			productRefGroup = 200000000000000000000302 /* Products */;
			projectDirPath = "";
			projectRoot = "";
			targets = (
				200000000000000000000401 /* Riwaya */,
				200000000000000000000402 /* RiwayaTests */,
			);
		};
/* End PBXProject section */

/* Begin PBXResourcesBuildPhase section */
		200000000000000000000601 /* Resources */ = {
			isa = PBXResourcesBuildPhase;
			buildActionMask = 2147483647;
			files = (
				200000000000000000000118 /* Assets.xcassets in Resources */,
				200000000000000000000120 /* PrivacyInfo.xcprivacy in Resources */,
			);
			runOnlyForDeploymentPostprocessing = 0;
		};
		200000000000000000000602 /* Resources */ = {
			isa = PBXResourcesBuildPhase;
			buildActionMask = 2147483647;
			files = (
			);
			runOnlyForDeploymentPostprocessing = 0;
		};
/* End PBXResourcesBuildPhase section */

/* Begin PBXSourcesBuildPhase section */
		200000000000000000000501 /* Sources */ = {
			isa = PBXSourcesBuildPhase;
			buildActionMask = 2147483647;
			files = (
				200000000000000000000102 /* RiwayaApp.swift in Sources */,
				200000000000000000000103 /* ContentView.swift in Sources */,
				200000000000000000000104 /* Novel.swift in Sources */,
				200000000000000000000105 /* Chapter.swift in Sources */,
				200000000000000000000106 /* PersistenceController.swift in Sources */,
				200000000000000000000107 /* TextStats.swift in Sources */,
				200000000000000000000108 /* NovelExportService.swift in Sources */,
				200000000000000000000109 /* RiwayaTheme.swift in Sources */,
				200000000000000000000110 /* LibraryView.swift in Sources */,
				200000000000000000000111 /* NovelCoverView.swift in Sources */,
				200000000000000000000112 /* NovelEditorView.swift in Sources */,
				200000000000000000000113 /* NovelDetailView.swift in Sources */,
				200000000000000000000114 /* ChapterEditorView.swift in Sources */,
				200000000000000000000115 /* ReaderView.swift in Sources */,
				200000000000000000000116 /* SettingsView.swift in Sources */,
				200000000000000000000117 /* ShareSheet.swift in Sources */,
				200000000000000000000052 /* Riwaya.xcdatamodeld in Sources */,
			);
			runOnlyForDeploymentPostprocessing = 0;
		};
		200000000000000000000502 /* Sources */ = {
			isa = PBXSourcesBuildPhase;
			buildActionMask = 2147483647;
			files = (
				200000000000000000000121 /* TextStatsTests.swift in Sources */,
			);
			runOnlyForDeploymentPostprocessing = 0;
		};
/* End PBXSourcesBuildPhase section */

/* Begin PBXTargetDependency section */
		200000000000000000000406 /* PBXTargetDependency */ = {
			isa = PBXTargetDependency;
			target = 200000000000000000000401 /* Riwaya */;
			targetProxy = 200000000000000000000405 /* PBXContainerItemProxy */;
		};
/* End PBXTargetDependency section */

/* Begin XCBuildConfiguration section */
		200000000000000000000801 /* Debug */ = {
			isa = XCBuildConfiguration;
			buildSettings = {
				ALWAYS_SEARCH_USER_PATHS = NO;
				ASSETCATALOG_COMPILER_GENERATE_SWIFT_ASSET_SYMBOL_EXTENSIONS = YES;
				CLANG_ANALYZER_NONNULL = YES;
				CLANG_ENABLE_MODULES = YES;
				CLANG_ENABLE_OBJC_ARC = YES;
				COPY_PHASE_STRIP = NO;
				DEBUG_INFORMATION_FORMAT = dwarf;
				ENABLE_STRICT_OBJC_MSGSEND = YES;
				ENABLE_TESTABILITY = YES;
				GCC_C_LANGUAGE_STANDARD = gnu17;
				GCC_DYNAMIC_NO_PIC = NO;
				GCC_OPTIMIZATION_LEVEL = 0;
				GCC_PREPROCESSOR_DEFINITIONS = (
					"DEBUG=1",
					"$(inherited)",
				);
				IPHONEOS_DEPLOYMENT_TARGET = 17.0;
				MTL_ENABLE_DEBUG_INFO = INCLUDE_SOURCE;
				ONLY_ACTIVE_ARCH = YES;
				SDKROOT = iphoneos;
				SWIFT_ACTIVE_COMPILATION_CONDITIONS = DEBUG;
				SWIFT_OPTIMIZATION_LEVEL = "-Onone";
			};
			name = Debug;
		};
		200000000000000000000802 /* Release */ = {
			isa = XCBuildConfiguration;
			buildSettings = {
				ALWAYS_SEARCH_USER_PATHS = NO;
				ASSETCATALOG_COMPILER_GENERATE_SWIFT_ASSET_SYMBOL_EXTENSIONS = YES;
				CLANG_ANALYZER_NONNULL = YES;
				CLANG_ENABLE_MODULES = YES;
				CLANG_ENABLE_OBJC_ARC = YES;
				COPY_PHASE_STRIP = NO;
				DEBUG_INFORMATION_FORMAT = "dwarf-with-dsym";
				ENABLE_NS_ASSERTIONS = NO;
				ENABLE_STRICT_OBJC_MSGSEND = YES;
				GCC_C_LANGUAGE_STANDARD = gnu17;
				IPHONEOS_DEPLOYMENT_TARGET = 17.0;
				MTL_ENABLE_DEBUG_INFO = NO;
				SDKROOT = iphoneos;
				SWIFT_COMPILATION_MODE = wholemodule;
				SWIFT_OPTIMIZATION_LEVEL = "-O";
				VALIDATE_PRODUCT = YES;
			};
			name = Release;
		};
		200000000000000000000803 /* Debug */ = {
			isa = XCBuildConfiguration;
			buildSettings = {
				ASSETCATALOG_COMPILER_APPICON_NAME = AppIcon;
				CODE_SIGN_STYLE = Automatic;
				CURRENT_PROJECT_VERSION = 1;
				DEVELOPMENT_TEAM = 4HM66AD594;
				GENERATE_INFOPLIST_FILE = NO;
				INFOPLIST_FILE = Riwaya/Info.plist;
				IPHONEOS_DEPLOYMENT_TARGET = 17.0;
				LD_RUNPATH_SEARCH_PATHS = (
					"$(inherited)",
					"@executable_path/Frameworks",
				);
				MARKETING_VERSION = 1.0;
				PRODUCT_BUNDLE_IDENTIFIER = com.shary17454.Riwaya;
				PRODUCT_NAME = "$(TARGET_NAME)";
				SUPPORTED_PLATFORMS = "iphoneos iphonesimulator";
				SUPPORTS_MACCATALYST = NO;
				SWIFT_EMIT_LOC_STRINGS = YES;
				SWIFT_VERSION = 5.0;
				TARGETED_DEVICE_FAMILY = "1,2";
			};
			name = Debug;
		};
		200000000000000000000804 /* Release */ = {
			isa = XCBuildConfiguration;
			buildSettings = {
				ASSETCATALOG_COMPILER_APPICON_NAME = AppIcon;
				CODE_SIGN_STYLE = Automatic;
				CURRENT_PROJECT_VERSION = 1;
				DEVELOPMENT_TEAM = 4HM66AD594;
				GENERATE_INFOPLIST_FILE = NO;
				INFOPLIST_FILE = Riwaya/Info.plist;
				IPHONEOS_DEPLOYMENT_TARGET = 17.0;
				LD_RUNPATH_SEARCH_PATHS = (
					"$(inherited)",
					"@executable_path/Frameworks",
				);
				MARKETING_VERSION = 1.0;
				PRODUCT_BUNDLE_IDENTIFIER = com.shary17454.Riwaya;
				PRODUCT_NAME = "$(TARGET_NAME)";
				SUPPORTED_PLATFORMS = "iphoneos iphonesimulator";
				SUPPORTS_MACCATALYST = NO;
				SWIFT_EMIT_LOC_STRINGS = YES;
				SWIFT_VERSION = 5.0;
				TARGETED_DEVICE_FAMILY = "1,2";
			};
			name = Release;
		};
		200000000000000000000805 /* Debug */ = {
			isa = XCBuildConfiguration;
			buildSettings = {
				BUNDLE_LOADER = "$(TEST_HOST)";
				CODE_SIGN_STYLE = Automatic;
				CURRENT_PROJECT_VERSION = 1;
				GENERATE_INFOPLIST_FILE = YES;
				IPHONEOS_DEPLOYMENT_TARGET = 17.0;
				LD_RUNPATH_SEARCH_PATHS = (
					"$(inherited)",
					"@executable_path/Frameworks",
					"@loader_path/Frameworks",
				);
				MARKETING_VERSION = 1.0;
				PRODUCT_BUNDLE_IDENTIFIER = com.shary17454.RiwayaTests;
				PRODUCT_NAME = "$(TARGET_NAME)";
				SUPPORTED_PLATFORMS = "iphoneos iphonesimulator";
				SWIFT_VERSION = 5.0;
				TARGETED_DEVICE_FAMILY = "1,2";
				TEST_HOST = "$(BUILT_PRODUCTS_DIR)/Riwaya.app/$(BUNDLE_EXECUTABLE_FOLDER_PATH)/Riwaya";
			};
			name = Debug;
		};
		200000000000000000000806 /* Release */ = {
			isa = XCBuildConfiguration;
			buildSettings = {
				BUNDLE_LOADER = "$(TEST_HOST)";
				CODE_SIGN_STYLE = Automatic;
				CURRENT_PROJECT_VERSION = 1;
				GENERATE_INFOPLIST_FILE = YES;
				IPHONEOS_DEPLOYMENT_TARGET = 17.0;
				LD_RUNPATH_SEARCH_PATHS = (
					"$(inherited)",
					"@executable_path/Frameworks",
					"@loader_path/Frameworks",
				);
				MARKETING_VERSION = 1.0;
				PRODUCT_BUNDLE_IDENTIFIER = com.shary17454.RiwayaTests;
				PRODUCT_NAME = "$(TARGET_NAME)";
				SUPPORTED_PLATFORMS = "iphoneos iphonesimulator";
				SWIFT_VERSION = 5.0;
				TARGETED_DEVICE_FAMILY = "1,2";
				TEST_HOST = "$(BUILT_PRODUCTS_DIR)/Riwaya.app/$(BUNDLE_EXECUTABLE_FOLDER_PATH)/Riwaya";
			};
			name = Release;
		};
/* End XCBuildConfiguration section */

/* Begin XCConfigurationList section */
		200000000000000000000900 /* Build configuration list for PBXProject "Riwaya" */ = {
			isa = XCConfigurationList;
			buildConfigurations = (
				200000000000000000000801 /* Debug */,
				200000000000000000000802 /* Release */,
			);
			defaultConfigurationIsVisible = 0;
			defaultConfigurationName = Release;
		};
		200000000000000000000901 /* Build configuration list for PBXNativeTarget "Riwaya" */ = {
			isa = XCConfigurationList;
			buildConfigurations = (
				200000000000000000000803 /* Debug */,
				200000000000000000000804 /* Release */,
			);
			defaultConfigurationIsVisible = 0;
			defaultConfigurationName = Release;
		};
		200000000000000000000902 /* Build configuration list for PBXNativeTarget "RiwayaTests" */ = {
			isa = XCConfigurationList;
			buildConfigurations = (
				200000000000000000000805 /* Debug */,
				200000000000000000000806 /* Release */,
			);
			defaultConfigurationIsVisible = 0;
			defaultConfigurationName = Release;
		};
/* End XCConfigurationList section */

/* Begin XCVersionGroup section */
		200000000000000000000050 /* Riwaya.xcdatamodeld */ = {
			isa = XCVersionGroup;
			children = (
				200000000000000000000051 /* Riwaya.xcdatamodel */,
			);
			currentVersion = 200000000000000000000051 /* Riwaya.xcdatamodel */;
			path = Riwaya.xcdatamodeld;
			sourceTree = "<group>";
			versionGroupType = wrapper.xcdatamodel;
		};
/* End XCVersionGroup section */
	};
	rootObject = 200000000000000000000701 /* Project object */;
}
